// !$*UTF8*$!
{
	archiveVersion = 1;
	classes = {
	};
	objectVersion = 56;
	objects = {

/* Begin PBXBuildFile section */
		EE1132AA2A0136E90013EAF0 /* AddTextVC.swift in Sources */ = {isa = PBXBuildFile; fileRef = EE1132A82A0136E90013EAF0 /* AddTextVC.swift */; };
		EE1132AB2A0136E90013EAF0 /* AddTextVC.xib in Resources */ = {isa = PBXBuildFile; fileRef = EE1132A92A0136E90013EAF0 /* AddTextVC.xib */; };
		EE1132AE2A013CDB0013EAF0 /* ButtonColor.swift in Sources */ = {isa = PBXBuildFile; fileRef = EE1132AC2A013CDB0013EAF0 /* ButtonColor.swift */; };
		EE1132AF2A013CDB0013EAF0 /* ButtonColor.xib in Resources */ = {isa = PBXBuildFile; fileRef = EE1132AD2A013CDB0013EAF0 /* ButtonColor.xib */; };
		EE1132B22A014A900013EAF0 /* MainVCCell.swift in Sources */ = {isa = PBXBuildFile; fileRef = EE1132B02A014A900013EAF0 /* MainVCCell.swift */; };
		EE1132B32A014A900013EAF0 /* MainVCCell.xib in Resources */ = {isa = PBXBuildFile; fileRef = EE1132B12A014A900013EAF0 /* MainVCCell.xib */; };
		EE1132B92A0199860013EAF0 /* Task.swift in Sources */ = {isa = PBXBuildFile; fileRef = EE1132B82A0199860013EAF0 /* Task.swift */; };
		EEC3ED282A0039DD00B7A0D9 /* AppDelegate.swift in Sources */ = {isa = PBXBuildFile; fileRef = EEC3ED272A0039DD00B7A0D9 /* AppDelegate.swift */; };
		EEC3ED312A0039DE00B7A0D9 /* Assets.xcassets in Resources */ = {isa = PBXBuildFile; fileRef = EEC3ED302A0039DE00B7A0D9 /* Assets.xcassets */; };
		EEC3ED342A0039DE00B7A0D9 /* LaunchScreen.storyboard in Resources */ = {isa = PBXBuildFile; fileRef = EEC3ED322A0039DE00B7A0D9 /* LaunchScreen.storyboard */; };
		EEC3ED3D2A003A4500B7A0D9 /* MainVC.swift in Sources */ = {isa = PBXBuildFile; fileRef = EEC3ED3B2A003A4500B7A0D9 /* MainVC.swift */; };
		EEC3ED3E2A003A4500B7A0D9 /* MainVC.xib in Resources */ = {isa = PBXBuildFile; fileRef = EEC3ED3C2A003A4500B7A0D9 /* MainVC.xib */; };
/* End PBXBuildFile section */

/* Begin PBXFileReference section */
		EE1132A82A0136E90013EAF0 /* AddTextVC.swift */ = {isa = PBXFileReference; lastKnownFileType = sourcecode.swift; path = AddTextVC.swift; sourceTree = "<group>"; };
		EE1132A92A0136E90013EAF0 /* AddTextVC.xib */ = {isa = PBXFileReference; lastKnownFileType = file.xib; path = AddTextVC.xib; sourceTree = "<group>"; };
		EE1132AC2A013CDB0013EAF0 /* ButtonColor.swift */ = {isa = PBXFileReference; lastKnownFileType = sourcecode.swift; path = ButtonColor.swift; sourceTree = "<group>"; };
		EE1132AD2A013CDB0013EAF0 /* ButtonColor.xib */ = {isa = PBXFileReference; lastKnownFileType = file.xib; path = ButtonColor.xib; sourceTree = "<group>"; };
		EE1132B02A014A900013EAF0 /* MainVCCell.swift */ = {isa = PBXFileReference; lastKnownFileType = sourcecode.swift; path = MainVCCell.swift; sourceTree = "<group>"; };
		EE1132B12A014A900013EAF0 /* MainVCCell.xib */ = {isa = PBXFileReference; lastKnownFileType = file.xib; path = MainVCCell.xib; sourceTree = "<group>"; };
		EE1132B82A0199860013EAF0 /* Task.swift */ = {isa = PBXFileReference; lastKnownFileType = sourcecode.swift; path = Task.swift; sourceTree = "<group>"; };
		EEC3ED242A0039DD00B7A0D9 /* blur_View.app */ = {isa = PBXFileReference; explicitFileType = wrapper.application; includeInIndex = 0; path = blur_View.app; sourceTree = BUILT_PRODUCTS_DIR; };
		EEC3ED272A0039DD00B7A0D9 /* AppDelegate.swift */ = {isa = PBXFileReference; lastKnownFileType = sourcecode.swift; path = AppDelegate.swift; sourceTree = "<group>"; };
		EEC3ED302A0039DE00B7A0D9 /* Assets.xcassets */ = {isa = PBXFileReference; lastKnownFileType = folder.assetcatalog; path = Assets.xcassets; sourceTree = "<group>"; };
		EEC3ED332A0039DE00B7A0D9 /* Base */ = {isa = PBXFileReference; lastKnownFileType = file.storyboard; name = Base; path = Base.lproj/LaunchScreen.storyboard; sourceTree = "<group>"; };
		EEC3ED352A0039DE00B7A0D9 /* Info.plist */ = {isa = PBXFileReference; lastKnownFileType = text.plist.xml; path = Info.plist; sourceTree = "<group>"; };
		EEC3ED3B2A003A4500B7A0D9 /* MainVC.swift */ = {isa = PBXFileReference; lastKnownFileType = sourcecode.swift; path = MainVC.swift; sourceTree = "<group>"; };
		EEC3ED3C2A003A4500B7A0D9 /* MainVC.xib */ = {isa = PBXFileReference; lastKnownFileType = file.xib; path = MainVC.xib; sourceTree = "<group>"; };
/* End PBXFileReference section */

/* Begin PBXFrameworksBuildPhase section */
		EEC3ED212A0039DD00B7A0D9 /* Frameworks */ = {
			isa = PBXFrameworksBuildPhase;
			buildActionMask = 2147483647;
			files = (
			);
			runOnlyForDeploymentPostprocessing = 0;
		};
/* End PBXFrameworksBuildPhase section */

/* Begin PBXGroup section */
		EEC3ED1B2A0039DD00B7A0D9 = {
			isa = PBXGroup;
			children = (
				EEC3ED262A0039DD00B7A0D9 /* blur_View */,
				EEC3ED252A0039DD00B7A0D9 /* Products */,
			);
			sourceTree = "<group>";
		};
		EEC3ED252A0039DD00B7A0D9 /* Products */ = {
			isa = PBXGroup;
			children = (
				EEC3ED242A0039DD00B7A0D9 /* blur_View.app */,
			);
			name = Products;
			sourceTree = "<group>";
		};
		EEC3ED262A0039DD00B7A0D9 /* blur_View */ = {
			isa = PBXGroup;
			children = (
				EEC3ED272A0039DD00B7A0D9 /* AppDelegate.swift */,
				EEC3ED3B2A003A4500B7A0D9 /* MainVC.swift */,
				EEC3ED3C2A003A4500B7A0D9 /* MainVC.xib */,
				EE1132A82A0136E90013EAF0 /* AddTextVC.swift */,
				EE1132A92A0136E90013EAF0 /* AddTextVC.xib */,
				EE1132AC2A013CDB0013EAF0 /* ButtonColor.swift */,
				EE1132AD2A013CDB0013EAF0 /* ButtonColor.xib */,
				EE1132B02A014A900013EAF0 /* MainVCCell.swift */,
				EE1132B12A014A900013EAF0 /* MainVCCell.xib */,
				EE1132B82A0199860013EAF0 /* Task.swift */,
				EEC3ED302A0039DE00B7A0D9 /* Assets.xcassets */,
				EEC3ED322A0039DE00B7A0D9 /* LaunchScreen.storyboard */,
				EEC3ED352A0039DE00B7A0D9 /* Info.plist */,
			);
			path = blur_View;
			sourceTree = "<group>";
		};
/* End PBXGroup section */

/* Begin PBXNativeTarget section */
		EEC3ED232A0039DD00B7A0D9 /* blur_View */ = {
			isa = PBXNativeTarget;
			buildConfigurationList = EEC3ED382A0039DE00B7A0D9 /* Build configuration list for PBXNativeTarget "blur_View" */;
			buildPhases = (
				EEC3ED202A0039DD00B7A0D9 /* Sources */,
				EEC3ED212A0039DD00B7A0D9 /* Frameworks */,
				EEC3ED222A0039DD00B7A0D9 /* Resources */,
			);
			buildRules = (
			);
			dependencies = (
			);
			name = blur_View;
			productName = blur_View;
			productReference = EEC3ED242A0039DD00B7A0D9 /* blur_View.app */;
			productType = "com.apple.product-type.application";
		};
/* End PBXNativeTarget section */

/* Begin PBXProject section */
		EEC3ED1C2A0039DD00B7A0D9 /* Project object */ = {
			isa = PBXProject;
			attributes = {
				BuildIndependentTargetsInParallel = 1;
				LastSwiftUpdateCheck = 1430;
				LastUpgradeCheck = 1430;
				TargetAttributes = {
					EEC3ED232A0039DD00B7A0D9 = {
						CreatedOnToolsVersion = 14.3;
					};
				};
			};
			buildConfigurationList = EEC3ED1F2A0039DD00B7A0D9 /* Build configuration list for PBXProject "blur_View" */;
			compatibilityVersion = "Xcode 14.0";
			developmentRegion = en;
			hasScannedForEncodings = 0;
			knownRegions = (
				en,
				Base,
			);
			mainGroup = EEC3ED1B2A0039DD00B7A0D9;
			productRefGroup = EEC3ED252A0039DD00B7A0D9 /* Products */;
			projectDirPath = "";
			projectRoot = "";
			targets = (
				EEC3ED232A0039DD00B7A0D9 /* blur_View */,
			);
		};
/* End PBXProject section */

/* Begin PBXResourcesBuildPhase section */
		EEC3ED222A0039DD00B7A0D9 /* Resources */ = {
			isa = PBXResourcesBuildPhase;
			buildActionMask = 2147483647;
			files = (
				EEC3ED3E2A003A4500B7A0D9 /* MainVC.xib in Resources */,
				EE1132AB2A0136E90013EAF0 /* AddTextVC.xib in Resources */,
				EEC3ED342A0039DE00B7A0D9 /* LaunchScreen.storyboard in Resources */,
				EE1132AF2A013CDB0013EAF0 /* ButtonColor.xib in Resources */,
				EEC3ED312A0039DE00B7A0D9 /* Assets.xcassets in Resources */,
				EE1132B32A014A900013EAF0 /* MainVCCell.xib in Resources */,
			);
			runOnlyForDeploymentPostprocessing = 0;
		};
/* End PBXResourcesBuildPhase section */

/* Begin PBXSourcesBuildPhase section */
		EEC3ED202A0039DD00B7A0D9 /* Sources */ = {
			isa = PBXSourcesBuildPhase;
			buildActionMask = 2147483647;
			files = (
				EE1132AA2A0136E90013EAF0 /* AddTextVC.swift in Sources */,
				EE1132B22A014A900013EAF0 /* MainVCCell.swift in Sources */,
				EEC3ED282A0039DD00B7A0D9 /* AppDelegate.swift in Sources */,
				EEC3ED3D2A003A4500B7A0D9 /* MainVC.swift in Sources */,
				EE1132B92A0199860013EAF0 /* Task.swift in Sources */,
				EE1132AE2A013CDB0013EAF0 /* ButtonColor.swift in Sources */,
			);
			runOnlyForDeploymentPostprocessing = 0;
		};
/* End PBXSourcesBuildPhase section */

/* Begin PBXVariantGroup section */
		EEC3ED322A0039DE00B7A0D9 /* LaunchScreen.storyboard */ = {
			isa = PBXVariantGroup;
			children = (
				EEC3ED332A0039DE00B7A0D9 /* Base */,
			);
			name = LaunchScreen.storyboard;
			sourceTree = "<group>";
		};
/* End PBXVariantGroup section */

/* Begin XCBuildConfiguration section */
		EEC3ED362A0039DE00B7A0D9 /* Debug */ = {
			isa = XCBuildConfiguration;
			buildSettings = {
				ALWAYS_SEARCH_USER_PATHS = NO;
				CLANG_ANALYZER_NONNULL = YES;
				CLANG_ANALYZER_NUMBER_OBJECT_CONVERSION = YES_AGGRESSIVE;
				CLANG_CXX_LANGUAGE_STANDARD = "gnu++20";
				CLANG_ENABLE_MODULES = YES;
				CLANG_ENABLE_OBJC_ARC = YES;
				CLANG_ENABLE_OBJC_WEAK = YES;
				CLANG_WARN_BLOCK_CAPTURE_AUTORELEASING = YES;
				CLANG_WARN_BOOL_CONVERSION = YES;
				CLANG_WARN_COMMA = YES;
				CLANG_WARN_CONSTANT_CONVERSION = YES;
				CLANG_WARN_DEPRECATED_OBJC_IMPLEMENTATIONS = YES;
				CLANG_WARN_DIRECT_OBJC_ISA_USAGE = YES_ERROR;
				CLANG_WARN_DOCUMENTATION_COMMENTS = YES;
				CLANG_WARN_EMPTY_BODY = YES;
				CLANG_WARN_ENUM_CONVERSION = YES;
				CLANG_WARN_INFINITE_RECURSION = YES;
				CLANG_WARN_INT_CONVERSION = YES;
				CLANG_WARN_NON_LITERAL_NULL_CONVERSION = YES;
				CLANG_WARN_OBJC_IMPLICIT_RETAIN_SELF = YES;
				CLANG_WARN_OBJC_LITERAL_CONVERSION = YES;
				CLANG_WARN_OBJC_ROOT_CLASS = YES_ERROR;
				CLANG_WARN_QUOTED_INCLUDE_IN_FRAMEWORK_HEADER = YES;
				CLANG_WARN_RANGE_LOOP_ANALYSIS = YES;
				CLANG_WARN_STRICT_PROTOTYPES = YES;
				CLANG_WARN_SUSPICIOUS_MOVE = YES;
				CLANG_WARN_UNGUARDED_AVAILABILITY = YES_AGGRESSIVE;
				CLANG_WARN_UNREACHABLE_CODE = YES;
				CLANG_WARN__DUPLICATE_METHOD_MATCH = YES;
				COPY_PHASE_STRIP = NO;
				DEBUG_INFORMATION_FORMAT = dwarf;
				ENABLE_STRICT_OBJC_MSGSEND = YES;
				ENABLE_TESTABILITY = YES;
				GCC_C_LANGUAGE_STANDARD = gnu11;
				GCC_DYNAMIC_NO_PIC = NO;
				GCC_NO_COMMON_BLOCKS = YES;
				GCC_OPTIMIZATION_LEVEL = 0;
				GCC_PREPROCESSOR_DEFINITIONS = (
					"DEBUG=1",
					"$(inherited)",
				);
				GCC_WARN_64_TO_32_BIT_CONVERSION = YES;
				GCC_WARN_ABOUT_RETURN_TYPE = YES_ERROR;
				GCC_WARN_UNDECLARED_SELECTOR = YES;
				GCC_WARN_UNINITIALIZED_AUTOS = YES_AGGRESSIVE;
				GCC_WARN_UNUSED_FUNCTION = YES;
				GCC_WARN_UNUSED_VARIABLE = YES;
				IPHONEOS_DEPLOYMENT_TARGET = 16.4;
				MTL_ENABLE_DEBUG_INFO = INCLUDE_SOURCE;
				MTL_FAST_MATH = YES;
				ONLY_ACTIVE_ARCH = YES;
				SDKROOT = iphoneos;
				SWIFT_ACTIVE_COMPILATION_CONDITIONS = DEBUG;
				SWIFT_OPTIMIZATION_LEVEL = "-Onone";
			};
			name = Debug;
		};
		EEC3ED372A0039DE00B7A0D9 /* Release */ = {
			isa = XCBuildConfiguration;
			buildSettings = {
				ALWAYS_SEARCH_USER_PATHS = NO;
				CLANG_ANALYZER_NONNULL = YES;
				CLANG_ANALYZER_NUMBER_OBJECT_CONVERSION = YES_AGGRESSIVE;
				CLANG_CXX_LANGUAGE_STANDARD = "gnu++20";
				CLANG_ENABLE_MODULES = YES;
				CLANG_ENABLE_OBJC_ARC = YES;
				CLANG_ENABLE_OBJC_WEAK = YES;
				CLANG_WARN_BLOCK_CAPTURE_AUTORELEASING = YES;
				CLANG_WARN_BOOL_CONVERSION = YES;
				CLANG_WARN_COMMA = YES;
				CLANG_WARN_CONSTANT_CONVERSION = YES;
				CLANG_WARN_DEPRECATED_OBJC_IMPLEMENTATIONS = YES;
				CLANG_WARN_DIRECT_OBJC_ISA_USAGE = YES_ERROR;
				CLANG_WARN_DOCUMENTATION_COMMENTS = YES;
				CLANG_WARN_EMPTY_BODY = YES;
				CLANG_WARN_ENUM_CONVERSION = YES;
				CLANG_WARN_INFINITE_RECURSION = YES;
				CLANG_WARN_INT_CONVERSION = YES;
				CLANG_WARN_NON_LITERAL_NULL_CONVERSION = YES;
				CLANG_WARN_OBJC_IMPLICIT_RETAIN_SELF = YES;
				CLANG_WARN_OBJC_LITERAL_CONVERSION = YES;
				CLANG_WARN_OBJC_ROOT_CLASS = YES_ERROR;
				CLANG_WARN_QUOTED_INCLUDE_IN_FRAMEWORK_HEADER = YES;
				CLANG_WARN_RANGE_LOOP_ANALYSIS = YES;
				CLANG_WARN_STRICT_PROTOTYPES = YES;
				CLANG_WARN_SUSPICIOUS_MOVE = YES;
				CLANG_WARN_UNGUARDED_AVAILABILITY = YES_AGGRESSIVE;
				CLANG_WARN_UNREACHABLE_CODE = YES;
				CLANG_WARN__DUPLICATE_METHOD_MATCH = YES;
				COPY_PHASE_STRIP = NO;
				DEBUG_INFORMATION_FORMAT = "dwarf-with-dsym";
				ENABLE_NS_ASSERTIONS = NO;
				ENABLE_STRICT_OBJC_MSGSEND = YES;
				GCC_C_LANGUAGE_STANDARD = gnu11;
				GCC_NO_COMMON_BLOCKS = YES;
				GCC_WARN_64_TO_32_BIT_CONVERSION = YES;
				GCC_WARN_ABOUT_RETURN_TYPE = YES_ERROR;
				GCC_WARN_UNDECLARED_SELECTOR = YES;
				GCC_WARN_UNINITIALIZED_AUTOS = YES_AGGRESSIVE;
				GCC_WARN_UNUSED_FUNCTION = YES;
				GCC_WARN_UNUSED_VARIABLE = YES;
				IPHONEOS_DEPLOYMENT_TARGET = 16.4;
				MTL_ENABLE_DEBUG_INFO = NO;
				MTL_FAST_MATH = YES;
				SDKROOT = iphoneos;
				SWIFT_COMPILATION_MODE = wholemodule;
				SWIFT_OPTIMIZATION_LEVEL = "-O";
				VALIDATE_PRODUCT = YES;
			};
			name = Release;
		};
		EEC3ED392A0039DE00B7A0D9 /* Debug */ = {
			isa = XCBuildConfiguration;
			buildSettings = {
				ASSETCATALOG_COMPILER_APPICON_NAME = AppIcon;
				ASSETCATALOG_COMPILER_GLOBAL_ACCENT_COLOR_NAME = AccentColor;
				CODE_SIGN_STYLE = Automatic;
				CURRENT_PROJECT_VERSION = 1;
				GENERATE_INFOPLIST_FILE = YES;
				INFOPLIST_FILE = blur_View/Info.plist;
				INFOPLIST_KEY_CFBundleDisplayName = "My To-Do List";
				INFOPLIST_KEY_UIApplicationSupportsIndirectInputEvents = YES;
				INFOPLIST_KEY_UILaunchStoryboardName = LaunchScreen;
				INFOPLIST_KEY_UIMainStoryboardFile = "";
				INFOPLIST_KEY_UISupportedInterfaceOrientations_iPad = "UIInterfaceOrientationPortrait UIInterfaceOrientationPortraitUpsideDown UIInterfaceOrientationLandscapeLeft UIInterfaceOrientationLandscapeRight";
				INFOPLIST_KEY_UISupportedInterfaceOrientations_iPhone = "UIInterfaceOrientationPortrait UIInterfaceOrientationLandscapeLeft UIInterfaceOrientationLandscapeRight";
				IPHONEOS_DEPLOYMENT_TARGET = 16.0;
				LD_RUNPATH_SEARCH_PATHS = (
					"$(inherited)",
					"@executable_path/Frameworks",
				);
				MARKETING_VERSION = 1.0;
				PRODUCT_BUNDLE_IDENTIFIER = "mr.Adam.blur-View";
				PRODUCT_NAME = "$(TARGET_NAME)";
				SWIFT_EMIT_LOC_STRINGS = YES;
				SWIFT_VERSION = 5.0;
				TARGETED_DEVICE_FAMILY = "1,2";
			};
			name = Debug;
		};
		EEC3ED3A2A0039DE00B7A0D9 /* Release */ = {
			isa = XCBuildConfiguration;
			buildSettings = {
				ASSETCATALOG_COMPILER_APPICON_NAME = AppIcon;
				ASSETCATALOG_COMPILER_GLOBAL_ACCENT_COLOR_NAME = AccentColor;
				CODE_SIGN_STYLE = Automatic;
				CURRENT_PROJECT_VERSION = 1;
				GENERATE_INFOPLIST_FILE = YES;
				INFOPLIST_FILE = blur_View/Info.plist;
				INFOPLIST_KEY_CFBundleDisplayName = "My To-Do List";
				INFOPLIST_KEY_UIApplicationSupportsIndirectInputEvents = YES;
				INFOPLIST_KEY_UILaunchStoryboardName = LaunchScreen;
				INFOPLIST_KEY_UIMainStoryboardFile = "";
				INFOPLIST_KEY_UISupportedInterfaceOrientations_iPad = "UIInterfaceOrientationPortrait UIInterfaceOrientationPortraitUpsideDown UIInterfaceOrientationLandscapeLeft UIInterfaceOrientationLandscapeRight";
				INFOPLIST_KEY_UISupportedInterfaceOrientations_iPhone = "UIInterfaceOrientationPortrait UIInterfaceOrientationLandscapeLeft UIInterfaceOrientationLandscapeRight";
				IPHONEOS_DEPLOYMENT_TARGET = 16.0;
				LD_RUNPATH_SEARCH_PATHS = (
					"$(inherited)",
					"@executable_path/Frameworks",
				);
				MARKETING_VERSION = 1.0;
				PRODUCT_BUNDLE_IDENTIFIER = "mr.Adam.blur-View";
				PRODUCT_NAME = "$(TARGET_NAME)";
				SWIFT_EMIT_LOC_STRINGS = YES;
				SWIFT_VERSION = 5.0;
				TARGETED_DEVICE_FAMILY = "1,2";
			};
			name = Release;
		};
/* End XCBuildConfiguration section */

/* Begin XCConfigurationList section */
		EEC3ED1F2A0039DD00B7A0D9 /* Build configuration list for PBXProject "blur_View" */ = {
			isa = XCConfigurationList;
			buildConfigurations = (
				EEC3ED362A0039DE00B7A0D9 /* Debug */,
				EEC3ED372A0039DE00B7A0D9 /* Release */,
			);
			defaultConfigurationIsVisible = 0;
			defaultConfigurationName = Release;
		};
		EEC3ED382A0039DE00B7A0D9 /* Build configuration list for PBXNativeTarget "blur_View" */ = {
			isa = XCConfigurationList;
			buildConfigurations = (
				EEC3ED392A0039DE00B7A0D9 /* Debug */,
				EEC3ED3A2A0039DE00B7A0D9 /* Release */,
			);
			defaultConfigurationIsVisible = 0;
			defaultConfigurationName = Release;
		};
/* End XCConfigurationList section */
	};
	rootObject = EEC3ED1C2A0039DD00B7A0D9 /* Project object */;
}
